
Microsoft Visual Studio Solution File, Format Version 12.00
# Visual Studio Version 16
VisualStudioVersion = 16.0.30611.23
MinimumVisualStudioVersion = 10.0.40219.1
Project("{FAE04EC0-301F-11D3-BF4B-00C04F79EFBC}") = "AWS", "AWS\AWS.csproj", "{EE408FC5-C7A5-4C36-A76F-1D0328A91DFC}"
EndProject
Project("{FAE04EC0-301F-11D3-BF4B-00C04F79EFBC}") = "AWS.API", "AWS.API\AWS.API.csproj", "{3ECE42D1-C045-4510-9192-E4AD7387D0E6}"
EndProject
Project("{FAE04EC0-301F-11D3-BF4B-00C04F79EFBC}") = "AWS.Infrastructure", "AWS.Infrastructure\AWS.Infrastructure.csproj", "{EBF64A45-8312-490A-ACE2-6314758C7C96}"
EndProject
Global
	GlobalSection(SolutionConfigurationPlatforms) = preSolution
		Debug|Any CPU = Debug|Any CPU
		Release|Any CPU = Release|Any CPU
	EndGlobalSection
	GlobalSection(ProjectConfigurationPlatforms) = postSolution
		{EE408FC5-C7A5-4C36-A76F-1D0328A91DFC}.Debug|Any CPU.ActiveCfg = Debug|Any CPU
		{EE408FC5-C7A5-4C36-A76F-1D0328A91DFC}.Debug|Any CPU.Build.0 = Debug|Any CPU
		{EE408FC5-C7A5-4C36-A76F-1D0328A91DFC}.Release|Any CPU.ActiveCfg = Release|Any CPU
		{EE408FC5-C7A5-4C36-A76F-1D0328A91DFC}.Release|Any CPU.Build.0 = Release|Any CPU
		{3ECE42D1-C045-4510-9192-E4AD7387D0E6}.Debug|Any CPU.ActiveCfg = Debug|Any CPU
		{3ECE42D1-C045-4510-9192-E4AD7387D0E6}.Debug|Any CPU.Build.0 = Debug|Any CPU
		{3ECE42D1-C045-4510-9192-E4AD7387D0E6}.Release|Any CPU.ActiveCfg = Release|Any CPU
		{3ECE42D1-C045-4510-9192-E4AD7387D0E6}.Release|Any CPU.Build.0 = Release|Any CPU
		{EBF64A45-8312-490A-ACE2-6314758C7C96}.Debug|Any CPU.ActiveCfg = Debug|Any CPU
		{EBF64A45-8312-490A-ACE2-6314758C7C96}.Debug|Any CPU.Build.0 = Debug|Any CPU
		{EBF64A45-8312-490A-ACE2-6314758C7C96}.Release|Any CPU.ActiveCfg = Release|Any CPU
		{EBF64A45-8312-490A-ACE2-6314758C7C96}.Release|Any CPU.Build.0 = Release|Any CPU
	EndGlobalSection
	GlobalSection(SolutionProperties) = preSolution
		HideSolutionNode = FALSE
	EndGlobalSection
	GlobalSection(ExtensibilityGlobals) = postSolution
		SolutionGuid = {BA544A4E-B911-4493-9FD6-741425B1D472}
	EndGlobalSection
EndGlobal
